// !$*UTF8*$!
{
	archiveVersion = 1;
	classes = {
	};
	objectVersion = 77;
	objects = {

/* Begin PBXContainerItemProxy section */
		B8AEF9802DBC60F60074043D /* PBXContainerItemProxy */ = {
			isa = PBXContainerItemProxy;
			containerPortal = B8AEF9672DBC60F30074043D /* Project object */;
			proxyType = 1;
			remoteGlobalIDString = B8AEF96E2DBC60F30074043D;
			remoteInfo = HackChallenge;
		};
		B8AEF98A2DBC60F60074043D /* PBXContainerItemProxy */ = {
			isa = PBXContainerItemProxy;
			containerPortal = B8AEF9672DBC60F30074043D /* Project object */;
			proxyType = 1;
			remoteGlobalIDString = B8AEF96E2DBC60F30074043D;
			remoteInfo = HackChallenge;
		};
/* End PBXContainerItemProxy section */

/* Begin PBXFileReference section */
		B8AEF96F2DBC60F30074043D /* HackChallenge.app */ = {isa = PBXFileReference; explicitFileType = wrapper.application; includeInIndex = 0; path = HackChallenge.app; sourceTree = BUILT_PRODUCTS_DIR; };
		B8AEF97F2DBC60F60074043D /* HackChallengeTests.xctest */ = {isa = PBXFileReference; explicitFileType = wrapper.cfbundle; includeInIndex = 0; path = HackChallengeTests.xctest; sourceTree = BUILT_PRODUCTS_DIR; };
		B8AEF9892DBC60F60074043D /* HackChallengeUITests.xctest */ = {isa = PBXFileReference; explicitFileType = wrapper.cfbundle; includeInIndex = 0; path = HackChallengeUITests.xctest; sourceTree = BUILT_PRODUCTS_DIR; };
/* End PBXFileReference section */

/* Begin PBXFileSystemSynchronizedRootGroup section */
		B8AEF9712DBC60F30074043D /* HackChallenge */ = {
			isa = PBXFileSystemSynchronizedRootGroup;
			path = HackChallenge;
			sourceTree = "<group>";
		};
		B8AEF9822DBC60F60074043D /* HackChallengeTests */ = {
			isa = PBXFileSystemSynchronizedRootGroup;
			path = HackChallengeTests;
			sourceTree = "<group>";
		};
		B8AEF98C2DBC60F60074043D /* HackChallengeUITests */ = {
			isa = PBXFileSystemSynchronizedRootGroup;
			path = HackChallengeUITests;
			sourceTree = "<group>";
		};
/* End PBXFileSystemSynchronizedRootGroup section */

/* Begin PBXFrameworksBuildPhase section */
		B8AEF96C2DBC60F30074043D /* Frameworks */ = {
			isa = PBXFrameworksBuildPhase;
			buildActionMask = 2147483647;
			files = (
			);
			runOnlyForDeploymentPostprocessing = 0;
		};
		B8AEF97C2DBC60F60074043D /* Frameworks */ = {
			isa = PBXFrameworksBuildPhase;
			buildActionMask = 2147483647;
			files = (
			);
			runOnlyForDeploymentPostprocessing = 0;
		};
		B8AEF9862DBC60F60074043D /* Frameworks */ = {
			isa = PBXFrameworksBuildPhase;
			buildActionMask = 2147483647;
			files = (
			);
			runOnlyForDeploymentPostprocessing = 0;
		};
/* End PBXFrameworksBuildPhase section */

/* Begin PBXGroup section */
		B8AEF9662DBC60F30074043D = {
			isa = PBXGroup;
			children = (
				B8AEF9712DBC60F30074043D /* HackChallenge */,
				B8AEF9822DBC60F60074043D /* HackChallengeTests */,
				B8AEF98C2DBC60F60074043D /* HackChallengeUITests */,
				B8AEF9702DBC60F30074043D /* Products */,
			);
			sourceTree = "<group>";
		};
		B8AEF9702DBC60F30074043D /* Products */ = {
			isa = PBXGroup;
			children = (
				B8AEF96F2DBC60F30074043D /* HackChallenge.app */,
				B8AEF97F2DBC60F60074043D /* HackChallengeTests.xctest */,
				B8AEF9892DBC60F60074043D /* HackChallengeUITests.xctest */,
			);
			name = Products;
			sourceTree = "<group>";
		};
/* End PBXGroup section */

/* Begin PBXNativeTarget section */
		B8AEF96E2DBC60F30074043D /* HackChallenge */ = {
			isa = PBXNativeTarget;
			buildConfigurationList = B8AEF9932DBC60F60074043D /* Build configuration list for PBXNativeTarget "HackChallenge" */;
			buildPhases = (
				B8AEF96B2DBC60F30074043D /* Sources */,
				B8AEF96C2DBC60F30074043D /* Frameworks */,
				B8AEF96D2DBC60F30074043D /* Resources */,
			);
			buildRules = (
			);
			dependencies = (
			);
			fileSystemSynchronizedGroups = (
				B8AEF9712DBC60F30074043D /* HackChallenge */,
			);
			name = HackChallenge;
			packageProductDependencies = (
			);
			productName = HackChallenge;
			productReference = B8AEF96F2DBC60F30074043D /* HackChallenge.app */;
			productType = "com.apple.product-type.application";
		};
		B8AEF97E2DBC60F60074043D /* HackChallengeTests */ = {
			isa = PBXNativeTarget;
			buildConfigurationList = B8AEF9962DBC60F60074043D /* Build configuration list for PBXNativeTarget "HackChallengeTests" */;
			buildPhases = (
				B8AEF97B2DBC60F60074043D /* Sources */,
				B8AEF97C2DBC60F60074043D /* Frameworks */,
				B8AEF97D2DBC60F60074043D /* Resources */,
			);
			buildRules = (
			);
			dependencies = (
				B8AEF9812DBC60F60074043D /* PBXTargetDependency */,
			);
			fileSystemSynchronizedGroups = (
				B8AEF9822DBC60F60074043D /* HackChallengeTests */,
			);
			name = HackChallengeTests;
			packageProductDependencies = (
			);
			productName = HackChallengeTests;
			productReference = B8AEF97F2DBC60F60074043D /* HackChallengeTests.xctest */;
			productType = "com.apple.product-type.bundle.unit-test";
		};
		B8AEF9882DBC60F60074043D /* HackChallengeUITests */ = {
			isa = PBXNativeTarget;
			buildConfigurationList = B8AEF9992DBC60F60074043D /* Build configuration list for PBXNativeTarget "HackChallengeUITests" */;
			buildPhases = (
				B8AEF9852DBC60F60074043D /* Sources */,
				B8AEF9862DBC60F60074043D /* Frameworks */,
				B8AEF9872DBC60F60074043D /* Resources */,
			);
			buildRules = (
			);
			dependencies = (
				B8AEF98B2DBC60F60074043D /* PBXTargetDependency */,
			);
			fileSystemSynchronizedGroups = (
				B8AEF98C2DBC60F60074043D /* HackChallengeUITests */,
			);
			name = HackChallengeUITests;
			packageProductDependencies = (
			);
			productName = HackChallengeUITests;
			productReference = B8AEF9892DBC60F60074043D /* HackChallengeUITests.xctest */;
			productType = "com.apple.product-type.bundle.ui-testing";
		};
/* End PBXNativeTarget section */

/* Begin PBXProject section */
		B8AEF9672DBC60F30074043D /* Project object */ = {
			isa = PBXProject;
			attributes = {
				BuildIndependentTargetsInParallel = 1;
				LastSwiftUpdateCheck = 1620;
				LastUpgradeCheck = 1620;
				TargetAttributes = {
					B8AEF96E2DBC60F30074043D = {
						CreatedOnToolsVersion = 16.2;
					};
					B8AEF97E2DBC60F60074043D = {
						CreatedOnToolsVersion = 16.2;
						TestTargetID = B8AEF96E2DBC60F30074043D;
					};
					B8AEF9882DBC60F60074043D = {
						CreatedOnToolsVersion = 16.2;
						TestTargetID = B8AEF96E2DBC60F30074043D;
					};
				};
			};
			buildConfigurationList = B8AEF96A2DBC60F30074043D /* Build configuration list for PBXProject "HackChallenge" */;
			developmentRegion = en;
			hasScannedForEncodings = 0;
			knownRegions = (
				en,
				Base,
			);
			mainGroup = B8AEF9662DBC60F30074043D;
			minimizedProjectReferenceProxies = 1;
			preferredProjectObjectVersion = 77;
			productRefGroup = B8AEF9702DBC60F30074043D /* Products */;
			projectDirPath = "";
			projectRoot = "";
			targets = (
				B8AEF96E2DBC60F30074043D /* HackChallenge */,
				B8AEF97E2DBC60F60074043D /* HackChallengeTests */,
				B8AEF9882DBC60F60074043D /* HackChallengeUITests */,
			);
		};
/* End PBXProject section */

/* Begin PBXResourcesBuildPhase section */
		B8AEF96D2DBC60F30074043D /* Resources */ = {
			isa = PBXResourcesBuildPhase;
			buildActionMask = 2147483647;
			files = (
			);
			runOnlyForDeploymentPostprocessing = 0;
		};
		B8AEF97D2DBC60F60074043D /* Resources */ = {
			isa = PBXResourcesBuildPhase;
			buildActionMask = 2147483647;
			files = (
			);
			runOnlyForDeploymentPostprocessing = 0;
		};
		B8AEF9872DBC60F60074043D /* Resources */ = {
			isa = PBXResourcesBuildPhase;
			buildActionMask = 2147483647;
			files = (
			);
			runOnlyForDeploymentPostprocessing = 0;
		};
/* End PBXResourcesBuildPhase section */

/* Begin PBXSourcesBuildPhase section */
		B8AEF96B2DBC60F30074043D /* Sources */ = {
			isa = PBXSourcesBuildPhase;
			buildActionMask = 2147483647;
			files = (
			);
			runOnlyForDeploymentPostprocessing = 0;
		};
		B8AEF97B2DBC60F60074043D /* Sources */ = {
			isa = PBXSourcesBuildPhase;
			buildActionMask = 2147483647;
			files = (
			);
			runOnlyForDeploymentPostprocessing = 0;
		};
		B8AEF9852DBC60F60074043D /* Sources */ = {
			isa = PBXSourcesBuildPhase;
			buildActionMask = 2147483647;
			files = (
			);
			runOnlyForDeploymentPostprocessing = 0;
		};
/* End PBXSourcesBuildPhase section */

/* Begin PBXTargetDependency section */
		B8AEF9812DBC60F60074043D /* PBXTargetDependency */ = {
			isa = PBXTargetDependency;
			target = B8AEF96E2DBC60F30074043D /* HackChallenge */;
			targetProxy = B8AEF9802DBC60F60074043D /* PBXContainerItemProxy */;
		};
		B8AEF98B2DBC60F60074043D /* PBXTargetDependency */ = {
			isa = PBXTargetDependency;
			target = B8AEF96E2DBC60F30074043D /* HackChallenge */;
			targetProxy = B8AEF98A2DBC60F60074043D /* PBXContainerItemProxy */;
		};
/* End PBXTargetDependency section */

/* Begin XCBuildConfiguration section */
		B8AEF9912DBC60F60074043D /* Debug */ = {
			isa = XCBuildConfiguration;
			buildSettings = {
				ALWAYS_SEARCH_USER_PATHS = NO;
				ASSETCATALOG_COMPILER_GENERATE_SWIFT_ASSET_SYMBOL_EXTENSIONS = YES;
				CLANG_ANALYZER_NONNULL = YES;
				CLANG_ANALYZER_NUMBER_OBJECT_CONVERSION = YES_AGGRESSIVE;
				CLANG_CXX_LANGUAGE_STANDARD = "gnu++20";
				CLANG_ENABLE_MODULES = YES;
				CLANG_ENABLE_OBJC_ARC = YES;
				CLANG_ENABLE_OBJC_WEAK = YES;
				CLANG_WARN_BLOCK_CAPTURE_AUTORELEASING = YES;
				CLANG_WARN_BOOL_CONVERSION = YES;
				CLANG_WARN_COMMA = YES;
				CLANG_WARN_CONSTANT_CONVERSION = YES;
				CLANG_WARN_DEPRECATED_OBJC_IMPLEMENTATIONS = YES;
				CLANG_WARN_DIRECT_OBJC_ISA_USAGE = YES_ERROR;
				CLANG_WARN_DOCUMENTATION_COMMENTS = YES;
				CLANG_WARN_EMPTY_BODY = YES;
				CLANG_WARN_ENUM_CONVERSION = YES;
				CLANG_WARN_INFINITE_RECURSION = YES;
				CLANG_WARN_INT_CONVERSION = YES;
				CLANG_WARN_NON_LITERAL_NULL_CONVERSION = YES;
				CLANG_WARN_OBJC_IMPLICIT_RETAIN_SELF = YES;
				CLANG_WARN_OBJC_LITERAL_CONVERSION = YES;
				CLANG_WARN_OBJC_ROOT_CLASS = YES_ERROR;
				CLANG_WARN_QUOTED_INCLUDE_IN_FRAMEWORK_HEADER = YES;
				CLANG_WARN_RANGE_LOOP_ANALYSIS = YES;
				CLANG_WARN_STRICT_PROTOTYPES = YES;
				CLANG_WARN_SUSPICIOUS_MOVE = YES;
				CLANG_WARN_UNGUARDED_AVAILABILITY = YES_AGGRESSIVE;
				CLANG_WARN_UNREACHABLE_CODE = YES;
				CLANG_WARN__DUPLICATE_METHOD_MATCH = YES;
				COPY_PHASE_STRIP = NO;
				DEBUG_INFORMATION_FORMAT = dwarf;
				ENABLE_STRICT_OBJC_MSGSEND = YES;
				ENABLE_TESTABILITY = YES;
				ENABLE_USER_SCRIPT_SANDBOXING = YES;
				GCC_C_LANGUAGE_STANDARD = gnu17;
				GCC_DYNAMIC_NO_PIC = NO;
				GCC_NO_COMMON_BLOCKS = YES;
				GCC_OPTIMIZATION_LEVEL = 0;
				GCC_PREPROCESSOR_DEFINITIONS = (
					"DEBUG=1",
					"$(inherited)",
				);
				GCC_WARN_64_TO_32_BIT_CONVERSION = YES;
				GCC_WARN_ABOUT_RETURN_TYPE = YES_ERROR;
				GCC_WARN_UNDECLARED_SELECTOR = YES;
				GCC_WARN_UNINITIALIZED_AUTOS = YES_AGGRESSIVE;
				GCC_WARN_UNUSED_FUNCTION = YES;
				GCC_WARN_UNUSED_VARIABLE = YES;
				IPHONEOS_DEPLOYMENT_TARGET = 18.2;
				LOCALIZATION_PREFERS_STRING_CATALOGS = YES;
				MTL_ENABLE_DEBUG_INFO = INCLUDE_SOURCE;
				MTL_FAST_MATH = YES;
				ONLY_ACTIVE_ARCH = YES;
				SDKROOT = iphoneos;
				SWIFT_ACTIVE_COMPILATION_CONDITIONS = "DEBUG $(inherited)";
				SWIFT_OPTIMIZATION_LEVEL = "-Onone";
			};
			name = Debug;
		};
		B8AEF9922DBC60F60074043D /* Release */ = {
			isa = XCBuildConfiguration;
			buildSettings = {
				ALWAYS_SEARCH_USER_PATHS = NO;
				ASSETCATALOG_COMPILER_GENERATE_SWIFT_ASSET_SYMBOL_EXTENSIONS = YES;
				CLANG_ANALYZER_NONNULL = YES;
				CLANG_ANALYZER_NUMBER_OBJECT_CONVERSION = YES_AGGRESSIVE;
				CLANG_CXX_LANGUAGE_STANDARD = "gnu++20";
				CLANG_ENABLE_MODULES = YES;
				CLANG_ENABLE_OBJC_ARC = YES;
				CLANG_ENABLE_OBJC_WEAK = YES;
				CLANG_WARN_BLOCK_CAPTURE_AUTORELEASING = YES;
				CLANG_WARN_BOOL_CONVERSION = YES;
				CLANG_WARN_COMMA = YES;
				CLANG_WARN_CONSTANT_CONVERSION = YES;
				CLANG_WARN_DEPRECATED_OBJC_IMPLEMENTATIONS = YES;
				CLANG_WARN_DIRECT_OBJC_ISA_USAGE = YES_ERROR;
				CLANG_WARN_DOCUMENTATION_COMMENTS = YES;
				CLANG_WARN_EMPTY_BODY = YES;
				CLANG_WARN_ENUM_CONVERSION = YES;
				CLANG_WARN_INFINITE_RECURSION = YES;
				CLANG_WARN_INT_CONVERSION = YES;
				CLANG_WARN_NON_LITERAL_NULL_CONVERSION = YES;
				CLANG_WARN_OBJC_IMPLICIT_RETAIN_SELF = YES;
				CLANG_WARN_OBJC_LITERAL_CONVERSION = YES;
				CLANG_WARN_OBJC_ROOT_CLASS = YES_ERROR;
				CLANG_WARN_QUOTED_INCLUDE_IN_FRAMEWORK_HEADER = YES;
				CLANG_WARN_RANGE_LOOP_ANALYSIS = YES;
				CLANG_WARN_STRICT_PROTOTYPES = YES;
				CLANG_WARN_SUSPICIOUS_MOVE = YES;
				CLANG_WARN_UNGUARDED_AVAILABILITY = YES_AGGRESSIVE;
				CLANG_WARN_UNREACHABLE_CODE = YES;
				CLANG_WARN__DUPLICATE_METHOD_MATCH = YES;
				COPY_PHASE_STRIP = NO;
				DEBUG_INFORMATION_FORMAT = "dwarf-with-dsym";
				ENABLE_NS_ASSERTIONS = NO;
				ENABLE_STRICT_OBJC_MSGSEND = YES;
				ENABLE_USER_SCRIPT_SANDBOXING = YES;
				GCC_C_LANGUAGE_STANDARD = gnu17;
				GCC_NO_COMMON_BLOCKS = YES;
				GCC_WARN_64_TO_32_BIT_CONVERSION = YES;
				GCC_WARN_ABOUT_RETURN_TYPE = YES_ERROR;
				GCC_WARN_UNDECLARED_SELECTOR = YES;
				GCC_WARN_UNINITIALIZED_AUTOS = YES_AGGRESSIVE;
				GCC_WARN_UNUSED_FUNCTION = YES;
				GCC_WARN_UNUSED_VARIABLE = YES;
				IPHONEOS_DEPLOYMENT_TARGET = 18.2;
				LOCALIZATION_PREFERS_STRING_CATALOGS = YES;
				MTL_ENABLE_DEBUG_INFO = NO;
				MTL_FAST_MATH = YES;
				SDKROOT = iphoneos;
				SWIFT_COMPILATION_MODE = wholemodule;
				VALIDATE_PRODUCT = YES;
			};
			name = Release;
		};
		B8AEF9942DBC60F60074043D /* Debug */ = {
			isa = XCBuildConfiguration;
			buildSettings = {
				ASSETCATALOG_COMPILER_APPICON_NAME = AppIcon;
				ASSETCATALOG_COMPILER_GLOBAL_ACCENT_COLOR_NAME = AccentColor;
				CODE_SIGN_STYLE = Automatic;
				CURRENT_PROJECT_VERSION = 1;
				DEVELOPMENT_ASSET_PATHS = "\"HackChallenge/Preview Content\"";
				DEVELOPMENT_TEAM = 6Z4S9FC46B;
				ENABLE_PREVIEWS = YES;
				GENERATE_INFOPLIST_FILE = YES;
				INFOPLIST_KEY_UIApplicationSceneManifest_Generation = YES;
				INFOPLIST_KEY_UIApplicationSupportsIndirectInputEvents = YES;
				INFOPLIST_KEY_UILaunchScreen_Generation = YES;
				INFOPLIST_KEY_UISupportedInterfaceOrientations_iPad = "UIInterfaceOrientationPortrait UIInterfaceOrientationPortraitUpsideDown UIInterfaceOrientationLandscapeLeft UIInterfaceOrientationLandscapeRight";
				INFOPLIST_KEY_UISupportedInterfaceOrientations_iPhone = "UIInterfaceOrientationPortrait UIInterfaceOrientationLandscapeLeft UIInterfaceOrientationLandscapeRight";
				LD_RUNPATH_SEARCH_PATHS = (
					"$(inherited)",
					"@executable_path/Frameworks",
				);
				MARKETING_VERSION = 1.0;
				PRODUCT_BUNDLE_IDENTIFIER = "-710.HackChallenge";
				PRODUCT_NAME = "$(TARGET_NAME)";
				SWIFT_EMIT_LOC_STRINGS = YES;
				SWIFT_VERSION = 5.0;
				TARGETED_DEVICE_FAMILY = "1,2";
			};
			name = Debug;
		};
		B8AEF9952DBC60F60074043D /* Release */ = {
			isa = XCBuildConfiguration;
			buildSettings = {
				ASSETCATALOG_COMPILER_APPICON_NAME = AppIcon;
				ASSETCATALOG_COMPILER_GLOBAL_ACCENT_COLOR_NAME = AccentColor;
				CODE_SIGN_STYLE = Automatic;
				CURRENT_PROJECT_VERSION = 1;
				DEVELOPMENT_ASSET_PATHS = "\"HackChallenge/Preview Content\"";
				DEVELOPMENT_TEAM = 6Z4S9FC46B;
				ENABLE_PREVIEWS = YES;
				GENERATE_INFOPLIST_FILE = YES;
				INFOPLIST_KEY_UIApplicationSceneManifest_Generation = YES;
				INFOPLIST_KEY_UIApplicationSupportsIndirectInputEvents = YES;
				INFOPLIST_KEY_UILaunchScreen_Generation = YES;
				INFOPLIST_KEY_UISupportedInterfaceOrientations_iPad = "UIInterfaceOrientationPortrait UIInterfaceOrientationPortraitUpsideDown UIInterfaceOrientationLandscapeLeft UIInterfaceOrientationLandscapeRight";
				INFOPLIST_KEY_UISupportedInterfaceOrientations_iPhone = "UIInterfaceOrientationPortrait UIInterfaceOrientationLandscapeLeft UIInterfaceOrientationLandscapeRight";
				LD_RUNPATH_SEARCH_PATHS = (
					"$(inherited)",
					"@executable_path/Frameworks",
				);
				MARKETING_VERSION = 1.0;
				PRODUCT_BUNDLE_IDENTIFIER = "-710.HackChallenge";
				PRODUCT_NAME = "$(TARGET_NAME)";
				SWIFT_EMIT_LOC_STRINGS = YES;
				SWIFT_VERSION = 5.0;
				TARGETED_DEVICE_FAMILY = "1,2";
			};
			name = Release;
		};
		B8AEF9972DBC60F60074043D /* Debug */ = {
			isa = XCBuildConfiguration;
			buildSettings = {
				BUNDLE_LOADER = "$(TEST_HOST)";
				CODE_SIGN_STYLE = Automatic;
				CURRENT_PROJECT_VERSION = 1;
				DEVELOPMENT_TEAM = 6Z4S9FC46B;
				GENERATE_INFOPLIST_FILE = YES;
				IPHONEOS_DEPLOYMENT_TARGET = 18.2;
				MARKETING_VERSION = 1.0;
				PRODUCT_BUNDLE_IDENTIFIER = "-710.HackChallengeTests";
				PRODUCT_NAME = "$(TARGET_NAME)";
				SWIFT_EMIT_LOC_STRINGS = NO;
				SWIFT_VERSION = 5.0;
				TARGETED_DEVICE_FAMILY = "1,2";
				TEST_HOST = "$(BUILT_PRODUCTS_DIR)/HackChallenge.app/$(BUNDLE_EXECUTABLE_FOLDER_PATH)/HackChallenge";
			};
			name = Debug;
		};
		B8AEF9982DBC60F60074043D /* Release */ = {
			isa = XCBuildConfiguration;
			buildSettings = {
				BUNDLE_LOADER = "$(TEST_HOST)";
				CODE_SIGN_STYLE = Automatic;
				CURRENT_PROJECT_VERSION = 1;
				DEVELOPMENT_TEAM = 6Z4S9FC46B;
				GENERATE_INFOPLIST_FILE = YES;
				IPHONEOS_DEPLOYMENT_TARGET = 18.2;
				MARKETING_VERSION = 1.0;
				PRODUCT_BUNDLE_IDENTIFIER = "-710.HackChallengeTests";
				PRODUCT_NAME = "$(TARGET_NAME)";
				SWIFT_EMIT_LOC_STRINGS = NO;
				SWIFT_VERSION = 5.0;
				TARGETED_DEVICE_FAMILY = "1,2";
				TEST_HOST = "$(BUILT_PRODUCTS_DIR)/HackChallenge.app/$(BUNDLE_EXECUTABLE_FOLDER_PATH)/HackChallenge";
			};
			name = Release;
		};
		B8AEF99A2DBC60F60074043D /* Debug */ = {
			isa = XCBuildConfiguration;
			buildSettings = {
				CODE_SIGN_STYLE = Automatic;
				CURRENT_PROJECT_VERSION = 1;
				DEVELOPMENT_TEAM = 6Z4S9FC46B;
				GENERATE_INFOPLIST_FILE = YES;
				MARKETING_VERSION = 1.0;
				PRODUCT_BUNDLE_IDENTIFIER = "-710.HackChallengeUITests";
				PRODUCT_NAME = "$(TARGET_NAME)";
				SWIFT_EMIT_LOC_STRINGS = NO;
				SWIFT_VERSION = 5.0;
				TARGETED_DEVICE_FAMILY = "1,2";
				TEST_TARGET_NAME = HackChallenge;
			};
			name = Debug;
		};
		B8AEF99B2DBC60F60074043D /* Release */ = {
			isa = XCBuildConfiguration;
			buildSettings = {
				CODE_SIGN_STYLE = Automatic;
				CURRENT_PROJECT_VERSION = 1;
				DEVELOPMENT_TEAM = 6Z4S9FC46B;
				GENERATE_INFOPLIST_FILE = YES;
				MARKETING_VERSION = 1.0;
				PRODUCT_BUNDLE_IDENTIFIER = "-710.HackChallengeUITests";
				PRODUCT_NAME = "$(TARGET_NAME)";
				SWIFT_EMIT_LOC_STRINGS = NO;
				SWIFT_VERSION = 5.0;
				TARGETED_DEVICE_FAMILY = "1,2";
				TEST_TARGET_NAME = HackChallenge;
			};
			name = Release;
		};
/* End XCBuildConfiguration section */

/* Begin XCConfigurationList section */
		B8AEF96A2DBC60F30074043D /* Build configuration list for PBXProject "HackChallenge" */ = {
			isa = XCConfigurationList;
			buildConfigurations = (
				B8AEF9912DBC60F60074043D /* Debug */,
				B8AEF9922DBC60F60074043D /* Release */,
			);
			defaultConfigurationIsVisible = 0;
			defaultConfigurationName = Release;
		};
		B8AEF9932DBC60F60074043D /* Build configuration list for PBXNativeTarget "HackChallenge" */ = {
			isa = XCConfigurationList;
			buildConfigurations = (
				B8AEF9942DBC60F60074043D /* Debug */,
				B8AEF9952DBC60F60074043D /* Release */,
			);
			defaultConfigurationIsVisible = 0;
			defaultConfigurationName = Release;
		};
		B8AEF9962DBC60F60074043D /* Build configuration list for PBXNativeTarget "HackChallengeTests" */ = {
			isa = XCConfigurationList;
			buildConfigurations = (
				B8AEF9972DBC60F60074043D /* Debug */,
				B8AEF9982DBC60F60074043D /* Release */,
			);
			defaultConfigurationIsVisible = 0;
			defaultConfigurationName = Release;
		};
		B8AEF9992DBC60F60074043D /* Build configuration list for PBXNativeTarget "HackChallengeUITests" */ = {
			isa = XCConfigurationList;
			buildConfigurations = (
				B8AEF99A2DBC60F60074043D /* Debug */,
				B8AEF99B2DBC60F60074043D /* Release */,
			);
			defaultConfigurationIsVisible = 0;
			defaultConfigurationName = Release;
		};
/* End XCConfigurationList section */
	};
	rootObject = B8AEF9672DBC60F30074043D /* Project object */;
}
